
Microsoft Visual Studio Solution File, Format Version 9.00
# Visual Studio 2005
Project("{8BC9CEB8-8B4A-11D0-8D11-00A0C91BC942}") = "kilib", "kilib.vcproj", "{910E868F-4E52-4D55-9C4E-4563F5934517}"
EndProject
Global
	GlobalSection(SolutionConfigurationPlatforms) = preSolution
		Debug|Win32 = Debug|Win32
		Release|Win32 = Release|Win32
		Unicode Release|Win32 = Unicode Release|Win32
	EndGlobalSection
	GlobalSection(ProjectConfigurationPlatforms) = postSolution
		{910E868F-4E52-4D55-9C4E-4563F5934517}.Debug|Win32.ActiveCfg = Debug|Win32
		{910E868F-4E52-4D55-9C4E-4563F5934517}.Debug|Win32.Build.0 = Debug|Win32
		{910E868F-4E52-4D55-9C4E-4563F5934517}.Release|Win32.ActiveCfg = Release|Win32
		{910E868F-4E52-4D55-9C4E-4563F5934517}.Release|Win32.Build.0 = Release|Win32
		{910E868F-4E52-4D55-9C4E-4563F5934517}.Unicode Release|Win32.ActiveCfg = Unicode Release|Win32
		{910E868F-4E52-4D55-9C4E-4563F5934517}.Unicode Release|Win32.Build.0 = Unicode Release|Win32
	EndGlobalSection
	GlobalSection(SolutionProperties) = preSolution
		HideSolutionNode = FALSE
	EndGlobalSection
EndGlobal
